{"1.2.0",
[{<<"rocksdb">>,{pkg,<<"rocksdb">>,<<"1.7.0">>},0},
 {<<"sext">>,{pkg,<<"sext">>,<<"1.4.1">>},0}]}.
[
{pkg_hash,[
 {<<"rocksdb">>, <<"5D23319998A7FCE5FFD5D7824116C905CABA7F91BAF8EDDABD0180F1BB272CEF">>},
 {<<"sext">>, <<"14559B219FAF11F9EBA7A350DFFC69C966C668439C54947A42D67167002798C4">>}]},
{pkg_hash_ext,[
 {<<"rocksdb">>, <<"A4BDC5DD80ED137161549713062131E8240523787EBE7B51DF61CFB48B1786CE">>},
 {<<"sext">>, <<"D5BF1C63FD006137D8320F59CB1AF3B1B10B52940E67707CBBA6AB4BDB1A30D1">>}]}
].
